// !$*UTF8*$!
{
	archiveVersion = 1;
	classes = {
	};
	objectVersion = 46;
	objects = {

/* Begin PBXBuildFile section */
		A973D68A18F51E5C0034A947 /* Foundation.framework in Frameworks */ = {isa = PBXBuildFile; fileRef = A973D68918F51E5C0034A947 /* Foundation.framework */; };
		A973D68C18F51E5C0034A947 /* CoreGraphics.framework in Frameworks */ = {isa = PBXBuildFile; fileRef = A973D68B18F51E5C0034A947 /* CoreGraphics.framework */; };
		A973D68E18F51E5C0034A947 /* UIKit.framework in Frameworks */ = {isa = PBXBuildFile; fileRef = A973D68D18F51E5C0034A947 /* UIKit.framework */; };
		A973D69418F51E5C0034A947 /* InfoPlist.strings in Resources */ = {isa = PBXBuildFile; fileRef = A973D69218F51E5C0034A947 /* InfoPlist.strings */; };
		A973D69618F51E5C0034A947 /* main.m in Sources */ = {isa = PBXBuildFile; fileRef = A973D69518F51E5C0034A947 /* main.m */; };
		A973D69A18F51E5C0034A947 /* AppDelegate.m in Sources */ = {isa = PBXBuildFile; fileRef = A973D69918F51E5C0034A947 /* AppDelegate.m */; };
		A973D69D18F51E5C0034A947 /* Main.storyboard in Resources */ = {isa = PBXBuildFile; fileRef = A973D69B18F51E5C0034A947 /* Main.storyboard */; };
		A973D6A018F51E5C0034A947 /* RedViewController.m in Sources */ = {isa = PBXBuildFile; fileRef = A973D69F18F51E5C0034A947 /* RedViewController.m */; };
		A973D6A218F51E5C0034A947 /* Images.xcassets in Resources */ = {isa = PBXBuildFile; fileRef = A973D6A118F51E5C0034A947 /* Images.xcassets */; };
		A973D6A918F51E5C0034A947 /* XCTest.framework in Frameworks */ = {isa = PBXBuildFile; fileRef = A973D6A818F51E5C0034A947 /* XCTest.framework */; };
		A973D6AA18F51E5C0034A947 /* Foundation.framework in Frameworks */ = {isa = PBXBuildFile; fileRef = A973D68918F51E5C0034A947 /* Foundation.framework */; };
		A973D6AB18F51E5C0034A947 /* UIKit.framework in Frameworks */ = {isa = PBXBuildFile; fileRef = A973D68D18F51E5C0034A947 /* UIKit.framework */; };
		A973D6B318F51E5C0034A947 /* InfoPlist.strings in Resources */ = {isa = PBXBuildFile; fileRef = A973D6B118F51E5C0034A947 /* InfoPlist.strings */; };
		A973D6B518F51E5C0034A947 /* Storyboard_unwindDemoTests.m in Sources */ = {isa = PBXBuildFile; fileRef = A973D6B418F51E5C0034A947 /* Storyboard_unwindDemoTests.m */; };
		A973D6C018F51F850034A947 /* YellowViewController.m in Sources */ = {isa = PBXBuildFile; fileRef = A973D6BF18F51F850034A947 /* YellowViewController.m */; };
		A973D6C318F51F920034A947 /* BlueViewController.m in Sources */ = {isa = PBXBuildFile; fileRef = A973D6C218F51F920034A947 /* BlueViewController.m */; };
		A973D6C618F51F9A0034A947 /* GreenViewController.m in Sources */ = {isa = PBXBuildFile; fileRef = A973D6C518F51F9A0034A947 /* GreenViewController.m */; };
/* End PBXBuildFile section */

/* Begin PBXContainerItemProxy section */
		A973D6AC18F51E5C0034A947 /* PBXContainerItemProxy */ = {
			isa = PBXContainerItemProxy;
			containerPortal = A973D67E18F51E5C0034A947 /* Project object */;
			proxyType = 1;
			remoteGlobalIDString = A973D68518F51E5C0034A947;
			remoteInfo = Storyboard_unwindDemo;
		};
/* End PBXContainerItemProxy section */

/* Begin PBXFileReference section */
		A973D68618F51E5C0034A947 /* Storyboard_unwindDemo.app */ = {isa = PBXFileReference; explicitFileType = wrapper.application; includeInIndex = 0; path = Storyboard_unwindDemo.app; sourceTree = BUILT_PRODUCTS_DIR; };
		A973D68918F51E5C0034A947 /* Foundation.framework */ = {isa = PBXFileReference; lastKnownFileType = wrapper.framework; name = Foundation.framework; path = System/Library/Frameworks/Foundation.framework; sourceTree = SDKROOT; };
		A973D68B18F51E5C0034A947 /* CoreGraphics.framework */ = {isa = PBXFileReference; lastKnownFileType = wrapper.framework; name = CoreGraphics.framework; path = System/Library/Frameworks/CoreGraphics.framework; sourceTree = SDKROOT; };
		A973D68D18F51E5C0034A947 /* UIKit.framework */ = {isa = PBXFileReference; lastKnownFileType = wrapper.framework; name = UIKit.framework; path = System/Library/Frameworks/UIKit.framework; sourceTree = SDKROOT; };
		A973D69118F51E5C0034A947 /* Storyboard_unwindDemo-Info.plist */ = {isa = PBXFileReference; lastKnownFileType = text.plist.xml; path = "Storyboard_unwindDemo-Info.plist"; sourceTree = "<group>"; };
		A973D69318F51E5C0034A947 /* en */ = {isa = PBXFileReference; lastKnownFileType = text.plist.strings; name = en; path = en.lproj/InfoPlist.strings; sourceTree = "<group>"; };
		A973D69518F51E5C0034A947 /* main.m */ = {isa = PBXFileReference; lastKnownFileType = sourcecode.c.objc; path = main.m; sourceTree = "<group>"; };
		A973D69718F51E5C0034A947 /* Storyboard_unwindDemo-Prefix.pch */ = {isa = PBXFileReference; lastKnownFileType = sourcecode.c.h; path = "Storyboard_unwindDemo-Prefix.pch"; sourceTree = "<group>"; };
		A973D69818F51E5C0034A947 /* AppDelegate.h */ = {isa = PBXFileReference; lastKnownFileType = sourcecode.c.h; path = AppDelegate.h; sourceTree = "<group>"; };
		A973D69918F51E5C0034A947 /* AppDelegate.m */ = {isa = PBXFileReference; lastKnownFileType = sourcecode.c.objc; path = AppDelegate.m; sourceTree = "<group>"; };
		A973D69C18F51E5C0034A947 /* Base */ = {isa = PBXFileReference; lastKnownFileType = file.storyboard; name = Base; path = Base.lproj/Main.storyboard; sourceTree = "<group>"; };
		A973D69E18F51E5C0034A947 /* RedViewController.h */ = {isa = PBXFileReference; lastKnownFileType = sourcecode.c.h; path = RedViewController.h; sourceTree = "<group>"; };
		A973D69F18F51E5C0034A947 /* RedViewController.m */ = {isa = PBXFileReference; lastKnownFileType = sourcecode.c.objc; path = RedViewController.m; sourceTree = "<group>"; };
		A973D6A118F51E5C0034A947 /* Images.xcassets */ = {isa = PBXFileReference; lastKnownFileType = folder.assetcatalog; path = Images.xcassets; sourceTree = "<group>"; };
		A973D6A718F51E5C0034A947 /* Storyboard_unwindDemoTests.xctest */ = {isa = PBXFileReference; explicitFileType = wrapper.cfbundle; includeInIndex = 0; path = Storyboard_unwindDemoTests.xctest; sourceTree = BUILT_PRODUCTS_DIR; };
		A973D6A818F51E5C0034A947 /* XCTest.framework */ = {isa = PBXFileReference; lastKnownFileType = wrapper.framework; name = XCTest.framework; path = Library/Frameworks/XCTest.framework; sourceTree = DEVELOPER_DIR; };
		A973D6B018F51E5C0034A947 /* Storyboard_unwindDemoTests-Info.plist */ = {isa = PBXFileReference; lastKnownFileType = text.plist.xml; path = "Storyboard_unwindDemoTests-Info.plist"; sourceTree = "<group>"; };
		A973D6B218F51E5C0034A947 /* en */ = {isa = PBXFileReference; lastKnownFileType = text.plist.strings; name = en; path = en.lproj/InfoPlist.strings; sourceTree = "<group>"; };
		A973D6B418F51E5C0034A947 /* Storyboard_unwindDemoTests.m */ = {isa = PBXFileReference; lastKnownFileType = sourcecode.c.objc; path = Storyboard_unwindDemoTests.m; sourceTree = "<group>"; };
		A973D6BE18F51F850034A947 /* YellowViewController.h */ = {isa = PBXFileReference; fileEncoding = 4; lastKnownFileType = sourcecode.c.h; path = YellowViewController.h; sourceTree = "<group>"; };
		A973D6BF18F51F850034A947 /* YellowViewController.m */ = {isa = PBXFileReference; fileEncoding = 4; lastKnownFileType = sourcecode.c.objc; path = YellowViewController.m; sourceTree = "<group>"; };
		A973D6C118F51F920034A947 /* BlueViewController.h */ = {isa = PBXFileReference; fileEncoding = 4; lastKnownFileType = sourcecode.c.h; path = BlueViewController.h; sourceTree = "<group>"; };
		A973D6C218F51F920034A947 /* BlueViewController.m */ = {isa = PBXFileReference; fileEncoding = 4; lastKnownFileType = sourcecode.c.objc; path = BlueViewController.m; sourceTree = "<group>"; };
		A973D6C418F51F9A0034A947 /* GreenViewController.h */ = {isa = PBXFileReference; fileEncoding = 4; lastKnownFileType = sourcecode.c.h; path = GreenViewController.h; sourceTree = "<group>"; };
		A973D6C518F51F9A0034A947 /* GreenViewController.m */ = {isa = PBXFileReference; fileEncoding = 4; lastKnownFileType = sourcecode.c.objc; path = GreenViewController.m; sourceTree = "<group>"; };
/* End PBXFileReference section */

/* Begin PBXFrameworksBuildPhase section */
		A973D68318F51E5C0034A947 /* Frameworks */ = {
			isa = PBXFrameworksBuildPhase;
			buildActionMask = 2147483647;
			files = (
				A973D68C18F51E5C0034A947 /* CoreGraphics.framework in Frameworks */,
				A973D68E18F51E5C0034A947 /* UIKit.framework in Frameworks */,
				A973D68A18F51E5C0034A947 /* Foundation.framework in Frameworks */,
			);
			runOnlyForDeploymentPostprocessing = 0;
		};
		A973D6A418F51E5C0034A947 /* Frameworks */ = {
			isa = PBXFrameworksBuildPhase;
			buildActionMask = 2147483647;
			files = (
				A973D6A918F51E5C0034A947 /* XCTest.framework in Frameworks */,
				A973D6AB18F51E5C0034A947 /* UIKit.framework in Frameworks */,
				A973D6AA18F51E5C0034A947 /* Foundation.framework in Frameworks */,
			);
			runOnlyForDeploymentPostprocessing = 0;
		};
/* End PBXFrameworksBuildPhase section */

/* Begin PBXGroup section */
		A973D67D18F51E5C0034A947 = {
			isa = PBXGroup;
			children = (
				A973D68F18F51E5C0034A947 /* Storyboard_unwindDemo */,
				A973D6AE18F51E5C0034A947 /* Storyboard_unwindDemoTests */,
				A973D68818F51E5C0034A947 /* Frameworks */,
				A973D68718F51E5C0034A947 /* Products */,
			);
			sourceTree = "<group>";
		};
		A973D68718F51E5C0034A947 /* Products */ = {
			isa = PBXGroup;
			children = (
				A973D68618F51E5C0034A947 /* Storyboard_unwindDemo.app */,
				A973D6A718F51E5C0034A947 /* Storyboard_unwindDemoTests.xctest */,
			);
			name = Products;
			sourceTree = "<group>";
		};
		A973D68818F51E5C0034A947 /* Frameworks */ = {
			isa = PBXGroup;
			children = (
				A973D68918F51E5C0034A947 /* Foundation.framework */,
				A973D68B18F51E5C0034A947 /* CoreGraphics.framework */,
				A973D68D18F51E5C0034A947 /* UIKit.framework */,
				A973D6A818F51E5C0034A947 /* XCTest.framework */,
			);
			name = Frameworks;
			sourceTree = "<group>";
		};
		A973D68F18F51E5C0034A947 /* Storyboard_unwindDemo */ = {
			isa = PBXGroup;
			children = (
				A973D69818F51E5C0034A947 /* AppDelegate.h */,
				A973D69918F51E5C0034A947 /* AppDelegate.m */,
				A973D69B18F51E5C0034A947 /* Main.storyboard */,
				A973D69E18F51E5C0034A947 /* RedViewController.h */,
				A973D69F18F51E5C0034A947 /* RedViewController.m */,
				A973D6BE18F51F850034A947 /* YellowViewController.h */,
				A973D6BF18F51F850034A947 /* YellowViewController.m */,
				A973D6C118F51F920034A947 /* BlueViewController.h */,
				A973D6C218F51F920034A947 /* BlueViewController.m */,
				A973D6C418F51F9A0034A947 /* GreenViewController.h */,
				A973D6C518F51F9A0034A947 /* GreenViewController.m */,
				A973D6A118F51E5C0034A947 /* Images.xcassets */,
				A973D69018F51E5C0034A947 /* Supporting Files */,
			);
			path = Storyboard_unwindDemo;
			sourceTree = "<group>";
		};
		A973D69018F51E5C0034A947 /* Supporting Files */ = {
			isa = PBXGroup;
			children = (
				A973D69118F51E5C0034A947 /* Storyboard_unwindDemo-Info.plist */,
				A973D69218F51E5C0034A947 /* InfoPlist.strings */,
				A973D69518F51E5C0034A947 /* main.m */,
				A973D69718F51E5C0034A947 /* Storyboard_unwindDemo-Prefix.pch */,
			);
			name = "Supporting Files";
			sourceTree = "<group>";
		};
		A973D6AE18F51E5C0034A947 /* Storyboard_unwindDemoTests */ = {
			isa = PBXGroup;
			children = (
				A973D6B418F51E5C0034A947 /* Storyboard_unwindDemoTests.m */,
				A973D6AF18F51E5C0034A947 /* Supporting Files */,
			);
			path = Storyboard_unwindDemoTests;
			sourceTree = "<group>";
		};
		A973D6AF18F51E5C0034A947 /* Supporting Files */ = {
			isa = PBXGroup;
			children = (
				A973D6B018F51E5C0034A947 /* Storyboard_unwindDemoTests-Info.plist */,
				A973D6B118F51E5C0034A947 /* InfoPlist.strings */,
			);
			name = "Supporting Files";
			sourceTree = "<group>";
		};
/* End PBXGroup section */

/* Begin PBXNativeTarget section */
		A973D68518F51E5C0034A947 /* Storyboard_unwindDemo */ = {
			isa = PBXNativeTarget;
			buildConfigurationList = A973D6B818F51E5C0034A947 /* Build configuration list for PBXNativeTarget "Storyboard_unwindDemo" */;
			buildPhases = (
				A973D68218F51E5C0034A947 /* Sources */,
				A973D68318F51E5C0034A947 /* Frameworks */,
				A973D68418F51E5C0034A947 /* Resources */,
			);
			buildRules = (
			);
			dependencies = (
			);
			name = Storyboard_unwindDemo;
			productName = Storyboard_unwindDemo;
			productReference = A973D68618F51E5C0034A947 /* Storyboard_unwindDemo.app */;
			productType = "com.apple.product-type.application";
		};
		A973D6A618F51E5C0034A947 /* Storyboard_unwindDemoTests */ = {
			isa = PBXNativeTarget;
			buildConfigurationList = A973D6BB18F51E5C0034A947 /* Build configuration list for PBXNativeTarget "Storyboard_unwindDemoTests" */;
			buildPhases = (
				A973D6A318F51E5C0034A947 /* Sources */,
				A973D6A418F51E5C0034A947 /* Frameworks */,
				A973D6A518F51E5C0034A947 /* Resources */,
			);
			buildRules = (
			);
			dependencies = (
				A973D6AD18F51E5C0034A947 /* PBXTargetDependency */,
			);
			name = Storyboard_unwindDemoTests;
			productName = Storyboard_unwindDemoTests;
			productReference = A973D6A718F51E5C0034A947 /* Storyboard_unwindDemoTests.xctest */;
			productType = "com.apple.product-type.bundle.unit-test";
		};
/* End PBXNativeTarget section */

/* Begin PBXProject section */
		A973D67E18F51E5C0034A947 /* Project object */ = {
			isa = PBXProject;
			attributes = {
				LastUpgradeCheck = 0510;
				ORGANIZATIONNAME = CNHaiTao;
				TargetAttributes = {
					A973D6A618F51E5C0034A947 = {
						TestTargetID = A973D68518F51E5C0034A947;
					};
				};
			};
			buildConfigurationList = A973D68118F51E5C0034A947 /* Build configuration list for PBXProject "Storyboard_unwindDemo" */;
			compatibilityVersion = "Xcode 3.2";
			developmentRegion = English;
			hasScannedForEncodings = 0;
			knownRegions = (
				en,
				Base,
			);
			mainGroup = A973D67D18F51E5C0034A947;
			productRefGroup = A973D68718F51E5C0034A947 /* Products */;
			projectDirPath = "";
			projectRoot = "";
			targets = (
				A973D68518F51E5C0034A947 /* Storyboard_unwindDemo */,
				A973D6A618F51E5C0034A947 /* Storyboard_unwindDemoTests */,
			);
		};
/* End PBXProject section */

/* Begin PBXResourcesBuildPhase section */
		A973D68418F51E5C0034A947 /* Resources */ = {
			isa = PBXResourcesBuildPhase;
			buildActionMask = 2147483647;
			files = (
				A973D6A218F51E5C0034A947 /* Images.xcassets in Resources */,
				A973D69418F51E5C0034A947 /* InfoPlist.strings in Resources */,
				A973D69D18F51E5C0034A947 /* Main.storyboard in Resources */,
			);
			runOnlyForDeploymentPostprocessing = 0;
		};
		A973D6A518F51E5C0034A947 /* Resources */ = {
			isa = PBXResourcesBuildPhase;
			buildActionMask = 2147483647;
			files = (
				A973D6B318F51E5C0034A947 /* InfoPlist.strings in Resources */,
			);
			runOnlyForDeploymentPostprocessing = 0;
		};
/* End PBXResourcesBuildPhase section */

/* Begin PBXSourcesBuildPhase section */
		A973D68218F51E5C0034A947 /* Sources */ = {
			isa = PBXSourcesBuildPhase;
			buildActionMask = 2147483647;
			files = (
				A973D6C018F51F850034A947 /* YellowViewController.m in Sources */,
				A973D6C318F51F920034A947 /* BlueViewController.m in Sources */,
				A973D6C618F51F9A0034A947 /* GreenViewController.m in Sources */,
				A973D6A018F51E5C0034A947 /* RedViewController.m in Sources */,
				A973D69A18F51E5C0034A947 /* AppDelegate.m in Sources */,
				A973D69618F51E5C0034A947 /* main.m in Sources */,
			);
			runOnlyForDeploymentPostprocessing = 0;
		};
		A973D6A318F51E5C0034A947 /* Sources */ = {
			isa = PBXSourcesBuildPhase;
			buildActionMask = 2147483647;
			files = (
				A973D6B518F51E5C0034A947 /* Storyboard_unwindDemoTests.m in Sources */,
			);
			runOnlyForDeploymentPostprocessing = 0;
		};
/* End PBXSourcesBuildPhase section */

/* Begin PBXTargetDependency section */
		A973D6AD18F51E5C0034A947 /* PBXTargetDependency */ = {
			isa = PBXTargetDependency;
			target = A973D68518F51E5C0034A947 /* Storyboard_unwindDemo */;
			targetProxy = A973D6AC18F51E5C0034A947 /* PBXContainerItemProxy */;
		};
/* End PBXTargetDependency section */

/* Begin PBXVariantGroup section */
		A973D69218F51E5C0034A947 /* InfoPlist.strings */ = {
			isa = PBXVariantGroup;
			children = (
				A973D69318F51E5C0034A947 /* en */,
			);
			name = InfoPlist.strings;
			sourceTree = "<group>";
		};
		A973D69B18F51E5C0034A947 /* Main.storyboard */ = {
			isa = PBXVariantGroup;
			children = (
				A973D69C18F51E5C0034A947 /* Base */,
			);
			name = Main.storyboard;
			sourceTree = "<group>";
		};
		A973D6B118F51E5C0034A947 /* InfoPlist.strings */ = {
			isa = PBXVariantGroup;
			children = (
				A973D6B218F51E5C0034A947 /* en */,
			);
			name = InfoPlist.strings;
			sourceTree = "<group>";
		};
/* End PBXVariantGroup section */

/* Begin XCBuildConfiguration section */
		A973D6B618F51E5C0034A947 /* Debug */ = {
			isa = XCBuildConfiguration;
			buildSettings = {
				ALWAYS_SEARCH_USER_PATHS = NO;
				CLANG_CXX_LANGUAGE_STANDARD = "gnu++0x";
				CLANG_CXX_LIBRARY = "libc++";
				CLANG_ENABLE_MODULES = YES;
				CLANG_ENABLE_OBJC_ARC = YES;
				CLANG_WARN_BOOL_CONVERSION = YES;
				CLANG_WARN_CONSTANT_CONVERSION = YES;
				CLANG_WARN_DIRECT_OBJC_ISA_USAGE = YES_ERROR;
				CLANG_WARN_EMPTY_BODY = YES;
				CLANG_WARN_ENUM_CONVERSION = YES;
				CLANG_WARN_INT_CONVERSION = YES;
				CLANG_WARN_OBJC_ROOT_CLASS = YES_ERROR;
				CLANG_WARN__DUPLICATE_METHOD_MATCH = YES;
				"CODE_SIGN_IDENTITY[sdk=iphoneos*]" = "iPhone Developer";
				COPY_PHASE_STRIP = NO;
				GCC_C_LANGUAGE_STANDARD = gnu99;
				GCC_DYNAMIC_NO_PIC = NO;
				GCC_OPTIMIZATION_LEVEL = 0;
				GCC_PREPROCESSOR_DEFINITIONS = (
					"DEBUG=1",
					"$(inherited)",
				);
				GCC_SYMBOLS_PRIVATE_EXTERN = NO;
				GCC_WARN_64_TO_32_BIT_CONVERSION = YES;
				GCC_WARN_ABOUT_RETURN_TYPE = YES_ERROR;
				GCC_WARN_UNDECLARED_SELECTOR = YES;
				GCC_WARN_UNINITIALIZED_AUTOS = YES_AGGRESSIVE;
				GCC_WARN_UNUSED_FUNCTION = YES;
				GCC_WARN_UNUSED_VARIABLE = YES;
				IPHONEOS_DEPLOYMENT_TARGET = 7.1;
				ONLY_ACTIVE_ARCH = YES;
				SDKROOT = iphoneos;
			};
			name = Debug;
		};
		A973D6B718F51E5C0034A947 /* Release */ = {
			isa = XCBuildConfiguration;
			buildSettings = {
				ALWAYS_SEARCH_USER_PATHS = NO;
				CLANG_CXX_LANGUAGE_STANDARD = "gnu++0x";
				CLANG_CXX_LIBRARY = "libc++";
				CLANG_ENABLE_MODULES = YES;
				CLANG_ENABLE_OBJC_ARC = YES;
				CLANG_WARN_BOOL_CONVERSION = YES;
				CLANG_WARN_CONSTANT_CONVERSION = YES;
				CLANG_WARN_DIRECT_OBJC_ISA_USAGE = YES_ERROR;
				CLANG_WARN_EMPTY_BODY = YES;
				CLANG_WARN_ENUM_CONVERSION = YES;
				CLANG_WARN_INT_CONVERSION = YES;
				CLANG_WARN_OBJC_ROOT_CLASS = YES_ERROR;
				CLANG_WARN__DUPLICATE_METHOD_MATCH = YES;
				"CODE_SIGN_IDENTITY[sdk=iphoneos*]" = "iPhone Developer";
				COPY_PHASE_STRIP = YES;
				ENABLE_NS_ASSERTIONS = NO;
				GCC_C_LANGUAGE_STANDARD = gnu99;
				GCC_WARN_64_TO_32_BIT_CONVERSION = YES;
				GCC_WARN_ABOUT_RETURN_TYPE = YES_ERROR;
				GCC_WARN_UNDECLARED_SELECTOR = YES;
				GCC_WARN_UNINITIALIZED_AUTOS = YES_AGGRESSIVE;
				GCC_WARN_UNUSED_FUNCTION = YES;
				GCC_WARN_UNUSED_VARIABLE = YES;
				IPHONEOS_DEPLOYMENT_TARGET = 7.1;
				SDKROOT = iphoneos;
				VALIDATE_PRODUCT = YES;
			};
			name = Release;
		};
		A973D6B918F51E5C0034A947 /* Debug */ = {
			isa = XCBuildConfiguration;
			buildSettings = {
				ASSETCATALOG_COMPILER_APPICON_NAME = AppIcon;
				ASSETCATALOG_COMPILER_LAUNCHIMAGE_NAME = LaunchImage;
				GCC_PRECOMPILE_PREFIX_HEADER = YES;
				GCC_PREFIX_HEADER = "Storyboard_unwindDemo/Storyboard_unwindDemo-Prefix.pch";
				INFOPLIST_FILE = "Storyboard_unwindDemo/Storyboard_unwindDemo-Info.plist";
				PRODUCT_NAME = "$(TARGET_NAME)";
				WRAPPER_EXTENSION = app;
			};
			name = Debug;
		};
		A973D6BA18F51E5C0034A947 /* Release */ = {
			isa = XCBuildConfiguration;
			buildSettings = {
				ASSETCATALOG_COMPILER_APPICON_NAME = AppIcon;
				ASSETCATALOG_COMPILER_LAUNCHIMAGE_NAME = LaunchImage;
				GCC_PRECOMPILE_PREFIX_HEADER = YES;
				GCC_PREFIX_HEADER = "Storyboard_unwindDemo/Storyboard_unwindDemo-Prefix.pch";
				INFOPLIST_FILE = "Storyboard_unwindDemo/Storyboard_unwindDemo-Info.plist";
				PRODUCT_NAME = "$(TARGET_NAME)";
				WRAPPER_EXTENSION = app;
			};
			name = Release;
		};
		A973D6BC18F51E5C0034A947 /* Debug */ = {
			isa = XCBuildConfiguration;
			buildSettings = {
				BUNDLE_LOADER = "$(BUILT_PRODUCTS_DIR)/Storyboard_unwindDemo.app/Storyboard_unwindDemo";
				FRAMEWORK_SEARCH_PATHS = (
					"$(SDKROOT)/Developer/Library/Frameworks",
					"$(inherited)",
					"$(DEVELOPER_FRAMEWORKS_DIR)",
				);
				GCC_PRECOMPILE_PREFIX_HEADER = YES;
				GCC_PREFIX_HEADER = "Storyboard_unwindDemo/Storyboard_unwindDemo-Prefix.pch";
				GCC_PREPROCESSOR_DEFINITIONS = (
					"DEBUG=1",
					"$(inherited)",
				);
				INFOPLIST_FILE = "Storyboard_unwindDemoTests/Storyboard_unwindDemoTests-Info.plist";
				PRODUCT_NAME = "$(TARGET_NAME)";
				TEST_HOST = "$(BUNDLE_LOADER)";
				WRAPPER_EXTENSION = xctest;
			};
			name = Debug;
		};
		A973D6BD18F51E5C0034A947 /* Release */ = {
			isa = XCBuildConfiguration;
			buildSettings = {
				BUNDLE_LOADER = "$(BUILT_PRODUCTS_DIR)/Storyboard_unwindDemo.app/Storyboard_unwindDemo";
				FRAMEWORK_SEARCH_PATHS = (
					"$(SDKROOT)/Developer/Library/Frameworks",
					"$(inherited)",
					"$(DEVELOPER_FRAMEWORKS_DIR)",
				);
				GCC_PRECOMPILE_PREFIX_HEADER = YES;
				GCC_PREFIX_HEADER = "Storyboard_unwindDemo/Storyboard_unwindDemo-Prefix.pch";
				INFOPLIST_FILE = "Storyboard_unwindDemoTests/Storyboard_unwindDemoTests-Info.plist";
				PRODUCT_NAME = "$(TARGET_NAME)";
				TEST_HOST = "$(BUNDLE_LOADER)";
				WRAPPER_EXTENSION = xctest;
			};
			name = Release;
		};
/* End XCBuildConfiguration section */

/* Begin XCConfigurationList section */
		A973D68118F51E5C0034A947 /* Build configuration list for PBXProject "Storyboard_unwindDemo" */ = {
			isa = XCConfigurationList;
			buildConfigurations = (
				A973D6B618F51E5C0034A947 /* Debug */,
				A973D6B718F51E5C0034A947 /* Release */,
			);
			defaultConfigurationIsVisible = 0;
			defaultConfigurationName = Release;
		};
		A973D6B818F51E5C0034A947 /* Build configuration list for PBXNativeTarget "Storyboard_unwindDemo" */ = {
			isa = XCConfigurationList;
			buildConfigurations = (
				A973D6B918F51E5C0034A947 /* Debug */,
				A973D6BA18F51E5C0034A947 /* Release */,
			);
			defaultConfigurationIsVisible = 0;
		};
		A973D6BB18F51E5C0034A947 /* Build configuration list for PBXNativeTarget "Storyboard_unwindDemoTests" */ = {
			isa = XCConfigurationList;
			buildConfigurations = (
				A973D6BC18F51E5C0034A947 /* Debug */,
				A973D6BD18F51E5C0034A947 /* Release */,
			);
			defaultConfigurationIsVisible = 0;
		};
/* End XCConfigurationList section */
	};
	rootObject = A973D67E18F51E5C0034A947 /* Project object */;
}
